
Microsoft Visual Studio Solution File, Format Version 12.00
# Visual Studio Version 17
VisualStudioVersion = 17.9.34728.123
MinimumVisualStudioVersion = 10.0.40219.1
Project("{FAE04EC0-301F-11D3-BF4B-00C04F79EFBC}") = "ReGonSt1", "ReGonSt1\ReGonSt1.csproj", "{8B44EF46-B6FC-4CE2-B6A9-7DE216CA0277}"
EndProject
Global
	GlobalSection(SolutionConfigurationPlatforms) = preSolution
		Debug|Any CPU = Debug|Any CPU
		Release|Any CPU = Release|Any CPU
	EndGlobalSection
	GlobalSection(ProjectConfigurationPlatforms) = postSolution
		{8B44EF46-B6FC-4CE2-B6A9-7DE216CA0277}.Debug|Any CPU.ActiveCfg = Debug|Any CPU
		{8B44EF46-B6FC-4CE2-B6A9-7DE216CA0277}.Debug|Any CPU.Build.0 = Debug|Any CPU
		{8B44EF46-B6FC-4CE2-B6A9-7DE216CA0277}.Release|Any CPU.ActiveCfg = Release|Any CPU
		{8B44EF46-B6FC-4CE2-B6A9-7DE216CA0277}.Release|Any CPU.Build.0 = Release|Any CPU
	EndGlobalSection
	GlobalSection(SolutionProperties) = preSolution
		HideSolutionNode = FALSE
	EndGlobalSection
	GlobalSection(ExtensibilityGlobals) = postSolution
		SolutionGuid = {3682630E-76F1-43F4-95EF-794714E70E27}
	EndGlobalSection
EndGlobal
